
Microsoft Visual Studio Solution File, Format Version 12.00
# Visual Studio Version 16
VisualStudioVersion = 16.0.31702.278
MinimumVisualStudioVersion = 10.0.40219.1
Project("{8BC9CEB8-8B4A-11D0-8D11-00A0C91BC942}") = "ark_lib", "ark_lib\ark_lib.vcxproj", "{C167730E-1869-4921-AD05-9BD6A74EFFE7}"
EndProject
Project("{8BC9CEB8-8B4A-11D0-8D11-00A0C91BC942}") = "UnitTest", "UnitTest\UnitTest.vcxproj", "{7B281C6B-66C0-40BA-B84A-033AD23B7E24}"
EndProject
Project("{8BC9CEB8-8B4A-11D0-8D11-00A0C91BC942}") = "ark_sys", "ark_sys\ark_sys.vcxproj", "{12FE7ECC-2A5C-433F-9230-4F5636341753}"
EndProject
Project("{8BC9CEB8-8B4A-11D0-8D11-00A0C91BC942}") = "ark_common", "ark_common\ark_common.vcxproj", "{B6BCEEE6-19D2-414E-9CDA-3F322B7C473B}"
EndProject
Global
	GlobalSection(SolutionConfigurationPlatforms) = preSolution
		Debug[Sys]|ARM = Debug[Sys]|ARM
		Debug[Sys]|ARM64 = Debug[Sys]|ARM64
		Debug[Sys]|x64 = Debug[Sys]|x64
		Debug[Sys]|x86 = Debug[Sys]|x86
		Debug|ARM = Debug|ARM
		Debug|ARM64 = Debug|ARM64
		Debug|x64 = Debug|x64
		Debug|x86 = Debug|x86
		Release[Sys]|ARM = Release[Sys]|ARM
		Release[Sys]|ARM64 = Release[Sys]|ARM64
		Release[Sys]|x64 = Release[Sys]|x64
		Release[Sys]|x86 = Release[Sys]|x86
		Release|ARM = Release|ARM
		Release|ARM64 = Release|ARM64
		Release|x64 = Release|x64
		Release|x86 = Release|x86
	EndGlobalSection
	GlobalSection(ProjectConfigurationPlatforms) = postSolution
		{C167730E-1869-4921-AD05-9BD6A74EFFE7}.Debug[Sys]|ARM.ActiveCfg = Debug[Sys]|Win32
		{C167730E-1869-4921-AD05-9BD6A74EFFE7}.Debug[Sys]|ARM64.ActiveCfg = Debug[Sys]|Win32
		{C167730E-1869-4921-AD05-9BD6A74EFFE7}.Debug[Sys]|x64.ActiveCfg = Debug[Sys]|x64
		{C167730E-1869-4921-AD05-9BD6A74EFFE7}.Debug[Sys]|x64.Build.0 = Debug[Sys]|x64
		{C167730E-1869-4921-AD05-9BD6A74EFFE7}.Debug[Sys]|x86.ActiveCfg = Debug[Sys]|Win32
		{C167730E-1869-4921-AD05-9BD6A74EFFE7}.Debug[Sys]|x86.Build.0 = Debug[Sys]|Win32
		{C167730E-1869-4921-AD05-9BD6A74EFFE7}.Debug|ARM.ActiveCfg = Debug|Win32
		{C167730E-1869-4921-AD05-9BD6A74EFFE7}.Debug|ARM64.ActiveCfg = Debug|Win32
		{C167730E-1869-4921-AD05-9BD6A74EFFE7}.Debug|x64.ActiveCfg = Debug|x64
		{C167730E-1869-4921-AD05-9BD6A74EFFE7}.Debug|x64.Build.0 = Debug|x64
		{C167730E-1869-4921-AD05-9BD6A74EFFE7}.Debug|x86.ActiveCfg = Debug|Win32
		{C167730E-1869-4921-AD05-9BD6A74EFFE7}.Debug|x86.Build.0 = Debug|Win32
		{C167730E-1869-4921-AD05-9BD6A74EFFE7}.Release[Sys]|ARM.ActiveCfg = Release[Sys]|Win32
		{C167730E-1869-4921-AD05-9BD6A74EFFE7}.Release[Sys]|ARM64.ActiveCfg = Release[Sys]|Win32
		{C167730E-1869-4921-AD05-9BD6A74EFFE7}.Release[Sys]|x64.ActiveCfg = Release[Sys]|x64
		{C167730E-1869-4921-AD05-9BD6A74EFFE7}.Release[Sys]|x64.Build.0 = Release[Sys]|x64
		{C167730E-1869-4921-AD05-9BD6A74EFFE7}.Release[Sys]|x86.ActiveCfg = Release[Sys]|Win32
		{C167730E-1869-4921-AD05-9BD6A74EFFE7}.Release[Sys]|x86.Build.0 = Release[Sys]|Win32
		{C167730E-1869-4921-AD05-9BD6A74EFFE7}.Release|ARM.ActiveCfg = Release|Win32
		{C167730E-1869-4921-AD05-9BD6A74EFFE7}.Release|ARM64.ActiveCfg = Release|Win32
		{C167730E-1869-4921-AD05-9BD6A74EFFE7}.Release|x64.ActiveCfg = Release|x64
		{C167730E-1869-4921-AD05-9BD6A74EFFE7}.Release|x64.Build.0 = Release|x64
		{C167730E-1869-4921-AD05-9BD6A74EFFE7}.Release|x86.ActiveCfg = Release|Win32
		{C167730E-1869-4921-AD05-9BD6A74EFFE7}.Release|x86.Build.0 = Release|Win32
		{7B281C6B-66C0-40BA-B84A-033AD23B7E24}.Debug[Sys]|ARM.ActiveCfg = Debug[Sys]|Win32
		{7B281C6B-66C0-40BA-B84A-033AD23B7E24}.Debug[Sys]|ARM64.ActiveCfg = Debug[Sys]|Win32
		{7B281C6B-66C0-40BA-B84A-033AD23B7E24}.Debug[Sys]|x64.ActiveCfg = Debug[Sys]|x64
		{7B281C6B-66C0-40BA-B84A-033AD23B7E24}.Debug[Sys]|x64.Build.0 = Debug[Sys]|x64
		{7B281C6B-66C0-40BA-B84A-033AD23B7E24}.Debug[Sys]|x86.ActiveCfg = Debug[Sys]|Win32
		{7B281C6B-66C0-40BA-B84A-033AD23B7E24}.Debug[Sys]|x86.Build.0 = Debug[Sys]|Win32
		{7B281C6B-66C0-40BA-B84A-033AD23B7E24}.Debug|ARM.ActiveCfg = Debug|Win32
		{7B281C6B-66C0-40BA-B84A-033AD23B7E24}.Debug|ARM64.ActiveCfg = Debug|Win32
		{7B281C6B-66C0-40BA-B84A-033AD23B7E24}.Debug|x64.ActiveCfg = Debug|x64
		{7B281C6B-66C0-40BA-B84A-033AD23B7E24}.Debug|x64.Build.0 = Debug|x64
		{7B281C6B-66C0-40BA-B84A-033AD23B7E24}.Debug|x86.ActiveCfg = Debug|Win32
		{7B281C6B-66C0-40BA-B84A-033AD23B7E24}.Debug|x86.Build.0 = Debug|Win32
		{7B281C6B-66C0-40BA-B84A-033AD23B7E24}.Release[Sys]|ARM.ActiveCfg = Release[Sys]|Win32
		{7B281C6B-66C0-40BA-B84A-033AD23B7E24}.Release[Sys]|ARM64.ActiveCfg = Release[Sys]|Win32
		{7B281C6B-66C0-40BA-B84A-033AD23B7E24}.Release[Sys]|x64.ActiveCfg = Release[Sys]|x64
		{7B281C6B-66C0-40BA-B84A-033AD23B7E24}.Release[Sys]|x64.Build.0 = Release[Sys]|x64
		{7B281C6B-66C0-40BA-B84A-033AD23B7E24}.Release[Sys]|x86.ActiveCfg = Release[Sys]|Win32
		{7B281C6B-66C0-40BA-B84A-033AD23B7E24}.Release[Sys]|x86.Build.0 = Release[Sys]|Win32
		{7B281C6B-66C0-40BA-B84A-033AD23B7E24}.Release|ARM.ActiveCfg = Release|Win32
		{7B281C6B-66C0-40BA-B84A-033AD23B7E24}.Release|ARM64.ActiveCfg = Release|Win32
		{7B281C6B-66C0-40BA-B84A-033AD23B7E24}.Release|x64.ActiveCfg = Release|x64
		{7B281C6B-66C0-40BA-B84A-033AD23B7E24}.Release|x64.Build.0 = Release|x64
		{7B281C6B-66C0-40BA-B84A-033AD23B7E24}.Release|x86.ActiveCfg = Release|Win32
		{7B281C6B-66C0-40BA-B84A-033AD23B7E24}.Release|x86.Build.0 = Release|Win32
		{12FE7ECC-2A5C-433F-9230-4F5636341753}.Debug[Sys]|ARM.ActiveCfg = Debug[Sys]|ARM
		{12FE7ECC-2A5C-433F-9230-4F5636341753}.Debug[Sys]|ARM.Build.0 = Debug[Sys]|ARM
		{12FE7ECC-2A5C-433F-9230-4F5636341753}.Debug[Sys]|ARM.Deploy.0 = Debug[Sys]|ARM
		{12FE7ECC-2A5C-433F-9230-4F5636341753}.Debug[Sys]|ARM64.ActiveCfg = Debug[Sys]|ARM64
		{12FE7ECC-2A5C-433F-9230-4F5636341753}.Debug[Sys]|ARM64.Build.0 = Debug[Sys]|ARM64
		{12FE7ECC-2A5C-433F-9230-4F5636341753}.Debug[Sys]|ARM64.Deploy.0 = Debug[Sys]|ARM64
		{12FE7ECC-2A5C-433F-9230-4F5636341753}.Debug[Sys]|x64.ActiveCfg = Debug[Sys]|x64
		{12FE7ECC-2A5C-433F-9230-4F5636341753}.Debug[Sys]|x64.Build.0 = Debug[Sys]|x64
		{12FE7ECC-2A5C-433F-9230-4F5636341753}.Debug[Sys]|x64.Deploy.0 = Debug[Sys]|x64
		{12FE7ECC-2A5C-433F-9230-4F5636341753}.Debug[Sys]|x86.ActiveCfg = Debug[Sys]|Win32
		{12FE7ECC-2A5C-433F-9230-4F5636341753}.Debug[Sys]|x86.Build.0 = Debug[Sys]|Win32
		{12FE7ECC-2A5C-433F-9230-4F5636341753}.Debug[Sys]|x86.Deploy.0 = Debug[Sys]|Win32
		{12FE7ECC-2A5C-433F-9230-4F5636341753}.Debug|ARM.ActiveCfg = Debug|ARM
		{12FE7ECC-2A5C-433F-9230-4F5636341753}.Debug|ARM.Build.0 = Debug|ARM
		{12FE7ECC-2A5C-433F-9230-4F5636341753}.Debug|ARM.Deploy.0 = Debug|ARM
		{12FE7ECC-2A5C-433F-9230-4F5636341753}.Debug|ARM64.ActiveCfg = Debug|ARM64
		{12FE7ECC-2A5C-433F-9230-4F5636341753}.Debug|ARM64.Build.0 = Debug|ARM64
		{12FE7ECC-2A5C-433F-9230-4F5636341753}.Debug|ARM64.Deploy.0 = Debug|ARM64
		{12FE7ECC-2A5C-433F-9230-4F5636341753}.Debug|x64.ActiveCfg = Debug|x64
		{12FE7ECC-2A5C-433F-9230-4F5636341753}.Debug|x64.Build.0 = Debug|x64
		{12FE7ECC-2A5C-433F-9230-4F5636341753}.Debug|x64.Deploy.0 = Debug|x64
		{12FE7ECC-2A5C-433F-9230-4F5636341753}.Debug|x86.ActiveCfg = Debug|Win32
		{12FE7ECC-2A5C-433F-9230-4F5636341753}.Debug|x86.Build.0 = Debug|Win32
		{12FE7ECC-2A5C-433F-9230-4F5636341753}.Debug|x86.Deploy.0 = Debug|Win32
		{12FE7ECC-2A5C-433F-9230-4F5636341753}.Release[Sys]|ARM.ActiveCfg = Release[Sys]|ARM
		{12FE7ECC-2A5C-433F-9230-4F5636341753}.Release[Sys]|ARM.Build.0 = Release[Sys]|ARM
		{12FE7ECC-2A5C-433F-9230-4F5636341753}.Release[Sys]|ARM.Deploy.0 = Release[Sys]|ARM
		{12FE7ECC-2A5C-433F-9230-4F5636341753}.Release[Sys]|ARM64.ActiveCfg = Release[Sys]|ARM64
		{12FE7ECC-2A5C-433F-9230-4F5636341753}.Release[Sys]|ARM64.Build.0 = Release[Sys]|ARM64
		{12FE7ECC-2A5C-433F-9230-4F5636341753}.Release[Sys]|ARM64.Deploy.0 = Release[Sys]|ARM64
		{12FE7ECC-2A5C-433F-9230-4F5636341753}.Release[Sys]|x64.ActiveCfg = Release[Sys]|x64
		{12FE7ECC-2A5C-433F-9230-4F5636341753}.Release[Sys]|x64.Build.0 = Release[Sys]|x64
		{12FE7ECC-2A5C-433F-9230-4F5636341753}.Release[Sys]|x64.Deploy.0 = Release[Sys]|x64
		{12FE7ECC-2A5C-433F-9230-4F5636341753}.Release[Sys]|x86.ActiveCfg = Release[Sys]|Win32
		{12FE7ECC-2A5C-433F-9230-4F5636341753}.Release[Sys]|x86.Build.0 = Release[Sys]|Win32
		{12FE7ECC-2A5C-433F-9230-4F5636341753}.Release[Sys]|x86.Deploy.0 = Release[Sys]|Win32
		{12FE7ECC-2A5C-433F-9230-4F5636341753}.Release|ARM.ActiveCfg = Release|ARM
		{12FE7ECC-2A5C-433F-9230-4F5636341753}.Release|ARM.Build.0 = Release|ARM
		{12FE7ECC-2A5C-433F-9230-4F5636341753}.Release|ARM.Deploy.0 = Release|ARM
		{12FE7ECC-2A5C-433F-9230-4F5636341753}.Release|ARM64.ActiveCfg = Release|ARM64
		{12FE7ECC-2A5C-433F-9230-4F5636341753}.Release|ARM64.Build.0 = Release|ARM64
		{12FE7ECC-2A5C-433F-9230-4F5636341753}.Release|ARM64.Deploy.0 = Release|ARM64
		{12FE7ECC-2A5C-433F-9230-4F5636341753}.Release|x64.ActiveCfg = Release|x64
		{12FE7ECC-2A5C-433F-9230-4F5636341753}.Release|x64.Build.0 = Release|x64
		{12FE7ECC-2A5C-433F-9230-4F5636341753}.Release|x64.Deploy.0 = Release|x64
		{12FE7ECC-2A5C-433F-9230-4F5636341753}.Release|x86.ActiveCfg = Release|Win32
		{12FE7ECC-2A5C-433F-9230-4F5636341753}.Release|x86.Build.0 = Release|Win32
		{12FE7ECC-2A5C-433F-9230-4F5636341753}.Release|x86.Deploy.0 = Release|Win32
		{B6BCEEE6-19D2-414E-9CDA-3F322B7C473B}.Debug[Sys]|ARM.ActiveCfg = Debug[Sys]|Win32
		{B6BCEEE6-19D2-414E-9CDA-3F322B7C473B}.Debug[Sys]|ARM64.ActiveCfg = Debug[Sys]|Win32
		{B6BCEEE6-19D2-414E-9CDA-3F322B7C473B}.Debug[Sys]|x64.ActiveCfg = Debug[Sys]|x64
		{B6BCEEE6-19D2-414E-9CDA-3F322B7C473B}.Debug[Sys]|x64.Build.0 = Debug[Sys]|x64
		{B6BCEEE6-19D2-414E-9CDA-3F322B7C473B}.Debug[Sys]|x86.ActiveCfg = Debug[Sys]|Win32
		{B6BCEEE6-19D2-414E-9CDA-3F322B7C473B}.Debug[Sys]|x86.Build.0 = Debug[Sys]|Win32
		{B6BCEEE6-19D2-414E-9CDA-3F322B7C473B}.Debug|ARM.ActiveCfg = Debug|Win32
		{B6BCEEE6-19D2-414E-9CDA-3F322B7C473B}.Debug|ARM64.ActiveCfg = Debug|Win32
		{B6BCEEE6-19D2-414E-9CDA-3F322B7C473B}.Debug|x64.ActiveCfg = Debug|x64
		{B6BCEEE6-19D2-414E-9CDA-3F322B7C473B}.Debug|x64.Build.0 = Debug|x64
		{B6BCEEE6-19D2-414E-9CDA-3F322B7C473B}.Debug|x86.ActiveCfg = Debug|Win32
		{B6BCEEE6-19D2-414E-9CDA-3F322B7C473B}.Debug|x86.Build.0 = Debug|Win32
		{B6BCEEE6-19D2-414E-9CDA-3F322B7C473B}.Release[Sys]|ARM.ActiveCfg = Release[Sys]|Win32
		{B6BCEEE6-19D2-414E-9CDA-3F322B7C473B}.Release[Sys]|ARM64.ActiveCfg = Release[Sys]|Win32
		{B6BCEEE6-19D2-414E-9CDA-3F322B7C473B}.Release[Sys]|x64.ActiveCfg = Release[Sys]|x64
		{B6BCEEE6-19D2-414E-9CDA-3F322B7C473B}.Release[Sys]|x64.Build.0 = Release[Sys]|x64
		{B6BCEEE6-19D2-414E-9CDA-3F322B7C473B}.Release[Sys]|x86.ActiveCfg = Release[Sys]|Win32
		{B6BCEEE6-19D2-414E-9CDA-3F322B7C473B}.Release[Sys]|x86.Build.0 = Release[Sys]|Win32
		{B6BCEEE6-19D2-414E-9CDA-3F322B7C473B}.Release|ARM.ActiveCfg = Release|Win32
		{B6BCEEE6-19D2-414E-9CDA-3F322B7C473B}.Release|ARM64.ActiveCfg = Release|Win32
		{B6BCEEE6-19D2-414E-9CDA-3F322B7C473B}.Release|x64.ActiveCfg = Release|x64
		{B6BCEEE6-19D2-414E-9CDA-3F322B7C473B}.Release|x64.Build.0 = Release|x64
		{B6BCEEE6-19D2-414E-9CDA-3F322B7C473B}.Release|x86.ActiveCfg = Release|Win32
		{B6BCEEE6-19D2-414E-9CDA-3F322B7C473B}.Release|x86.Build.0 = Release|Win32
	EndGlobalSection
	GlobalSection(SolutionProperties) = preSolution
		HideSolutionNode = FALSE
	EndGlobalSection
	GlobalSection(ExtensibilityGlobals) = postSolution
		SolutionGuid = {411CAEF6-27D4-47BA-8BBB-1A6799002F62}
	EndGlobalSection
EndGlobal
