<?xml version="1.0" encoding="utf-8"?>
<Project ToolsVersion="4.0" xmlns="http://schemas.microsoft.com/developer/msbuild/2003">
  <ItemGroup>
    <Filter Include="Source Files">
      <UniqueIdentifier>{4FC737F1-C7A5-4376-A066-2A32D752A2FF}</UniqueIdentifier>
      <Extensions>cpp;c;cc;cxx;def;odl;idl;hpj;bat;asm;asmx</Extensions>
    </Filter>
    <Filter Include="Header Files">
      <UniqueIdentifier>{93995380-89BD-4b04-88EB-625FBE52EBFB}</UniqueIdentifier>
      <Extensions>h;hpp;hxx;hm;inl;inc;xsd</Extensions>
    </Filter>
    <Filter Include="Resource Files">
      <UniqueIdentifier>{67DA6AB6-F800-4c08-8B7A-83BB121AAD01}</UniqueIdentifier>
      <Extensions>rc;ico;cur;bmp;dlg;rc2;rct;bin;rgs;gif;jpg;jpeg;jpe;resx;tiff;tif;png;wav;mfcribbon-ms</Extensions>
    </Filter>
    <Filter Include="Driver Files">
      <UniqueIdentifier>{8E41214B-6785-4CFE-B992-037D68949A14}</UniqueIdentifier>
      <Extensions>inf;inv;inx;mof;mc;</Extensions>
    </Filter>
    <Filter Include="Source Files\actor_server">
      <UniqueIdentifier>{165df614-4f11-4536-a749-7b3c76ca160c}</UniqueIdentifier>
    </Filter>
    <Filter Include="Source Files\until">
      <UniqueIdentifier>{6f28e139-91e0-4b62-b542-114fd7b24a00}</UniqueIdentifier>
    </Filter>
    <Filter Include="Source Files\until\array_list">
      <UniqueIdentifier>{ad5e4c73-b5c9-40b5-9086-7405873ad2f1}</UniqueIdentifier>
    </Filter>
    <Filter Include="Source Files\until\rtl">
      <UniqueIdentifier>{4b86d598-cfef-4a1f-847b-86ce826084cb}</UniqueIdentifier>
    </Filter>
    <Filter Include="Source Files\until\fix">
      <UniqueIdentifier>{580b9e06-cf5f-4da2-8b0c-ce86a23a9c84}</UniqueIdentifier>
    </Filter>
  </ItemGroup>
  <ItemGroup>
    <ClCompile Include="Driver.c">
      <Filter>Source Files</Filter>
    </ClCompile>
    <ClCompile Include="actor_server.c">
      <Filter>Source Files\actor_server</Filter>
    </ClCompile>
    <ClCompile Include="array_list.c">
      <Filter>Source Files\until\array_list</Filter>
    </ClCompile>
    <ClCompile Include="gs_array.c">
      <Filter>Source Files\until\array_list</Filter>
    </ClCompile>
    <ClCompile Include="rtl.c">
      <Filter>Source Files\until\rtl</Filter>
    </ClCompile>
  </ItemGroup>
  <ItemGroup>
    <ClInclude Include="Driver.h">
      <Filter>Source Files</Filter>
    </ClInclude>
    <ClInclude Include="..\ark_actor\ark_common.h">
      <Filter>Header Files</Filter>
    </ClInclude>
    <ClInclude Include="actor_server.h">
      <Filter>Source Files\actor_server</Filter>
    </ClInclude>
    <ClInclude Include="..\ark_actor\actor_common.h">
      <Filter>Source Files\actor_server</Filter>
    </ClInclude>
    <ClInclude Include="array_list.h">
      <Filter>Source Files\until\array_list</Filter>
    </ClInclude>
    <ClInclude Include="gs_array.h">
      <Filter>Source Files\until\array_list</Filter>
    </ClInclude>
    <ClInclude Include="rtl.h">
      <Filter>Source Files\until\rtl</Filter>
    </ClInclude>
    <ClInclude Include="stdbool.h">
      <Filter>Source Files\until\fix</Filter>
    </ClInclude>
  </ItemGroup>
  <ItemGroup>
    <MASM Include="actor_server_x64.asm">
      <Filter>Source Files\actor_server</Filter>
    </MASM>
  </ItemGroup>
</Project>