<?xml version="1.0" encoding="utf-8"?>
<Project ToolsVersion="4.0" xmlns="http://schemas.microsoft.com/developer/msbuild/2003">
  <ItemGroup>
    <Filter Include="源文件">
      <UniqueIdentifier>{4FC737F1-C7A5-4376-A066-2A32D752A2FF}</UniqueIdentifier>
      <Extensions>cpp;c;cc;cxx;c++;cppm;ixx;def;odl;idl;hpj;bat;asm;asmx</Extensions>
    </Filter>
    <Filter Include="头文件">
      <UniqueIdentifier>{93995380-89BD-4b04-88EB-625FBE52EBFB}</UniqueIdentifier>
      <Extensions>h;hh;hpp;hxx;h++;hm;inl;inc;ipp;xsd</Extensions>
    </Filter>
    <Filter Include="资源文件">
      <UniqueIdentifier>{67DA6AB6-F800-4c08-8B7A-83BB121AAD01}</UniqueIdentifier>
      <Extensions>rc;ico;cur;bmp;dlg;rc2;rct;bin;rgs;gif;jpg;jpeg;jpe;resx;tiff;tif;png;wav;mfcribbon-ms</Extensions>
    </Filter>
    <Filter Include="源文件\v8_vm">
      <UniqueIdentifier>{c283d182-9c4e-4a37-a13c-9a7b7e70fc38}</UniqueIdentifier>
    </Filter>
    <Filter Include="源文件\until">
      <UniqueIdentifier>{6ab32057-5e95-416d-9d5a-f3fecbe670f0}</UniqueIdentifier>
    </Filter>
    <Filter Include="源文件\v8_vm\v8context">
      <UniqueIdentifier>{9e1fbdaf-b8af-4c63-9a4a-95febf48f982}</UniqueIdentifier>
    </Filter>
    <Filter Include="源文件\until\queue_ring">
      <UniqueIdentifier>{000220d9-bc22-4c76-a2a5-a3f255ecdd99}</UniqueIdentifier>
    </Filter>
    <Filter Include="源文件\gs_driver">
      <UniqueIdentifier>{8e3c6389-f6e0-4e1f-807b-b3fdd41b0c12}</UniqueIdentifier>
    </Filter>
    <Filter Include="源文件\gs_driver\loader">
      <UniqueIdentifier>{5dfbf829-a8ba-4587-a38a-78612442ef4c}</UniqueIdentifier>
    </Filter>
    <Filter Include="源文件\gs_driver\controller">
      <UniqueIdentifier>{eca5719e-4401-483b-870b-647642bf070f}</UniqueIdentifier>
    </Filter>
    <Filter Include="源文件\until\file_until">
      <UniqueIdentifier>{9f137795-dd2b-499e-89d5-b1f285f916ad}</UniqueIdentifier>
    </Filter>
    <Filter Include="源文件\until\text_encode">
      <UniqueIdentifier>{872c47ba-4e50-4647-979a-e80df710f1c7}</UniqueIdentifier>
    </Filter>
    <Filter Include="源文件\until\process_adjust">
      <UniqueIdentifier>{d7edd953-8d6c-468b-b0d8-a80cff13f06c}</UniqueIdentifier>
    </Filter>
    <Filter Include="源文件\gs_driver\actor_client">
      <UniqueIdentifier>{e84d3c93-42fe-4c39-b212-1bb49b7027f9}</UniqueIdentifier>
    </Filter>
    <Filter Include="源文件\test">
      <UniqueIdentifier>{e7461e5e-0ff7-43b0-9b98-e9e74652ebb2}</UniqueIdentifier>
    </Filter>
    <Filter Include="源文件\gs_driver\internal">
      <UniqueIdentifier>{9dadb043-624b-4f9c-8bd2-d9f381b5b668}</UniqueIdentifier>
    </Filter>
    <Filter Include="源文件\until\print_until">
      <UniqueIdentifier>{787cd849-c495-4a25-b489-e8827cc66193}</UniqueIdentifier>
    </Filter>
    <Filter Include="源文件\until\system">
      <UniqueIdentifier>{46442fc5-15e2-44da-b544-52cfd8b45ff9}</UniqueIdentifier>
    </Filter>
    <Filter Include="源文件\until\system\driver">
      <UniqueIdentifier>{dd6d1c57-fad0-4bb3-96b2-40a2e324c14d}</UniqueIdentifier>
    </Filter>
    <Filter Include="源文件\services">
      <UniqueIdentifier>{f8f2769d-b7ae-4c95-936a-ec3093c1cefe}</UniqueIdentifier>
    </Filter>
    <Filter Include="源文件\services\DriverLoaderService">
      <UniqueIdentifier>{7a85760f-8408-4e71-95c8-236bab67b33f}</UniqueIdentifier>
    </Filter>
    <Filter Include="源文件\services\ActorService">
      <UniqueIdentifier>{59b7b2de-e426-4fd9-bde9-c36d5d5c8b6c}</UniqueIdentifier>
    </Filter>
    <Filter Include="源文件\until\debug_until">
      <UniqueIdentifier>{cde22ca4-6455-4691-a7d5-f12c9333c28b}</UniqueIdentifier>
    </Filter>
    <Filter Include="源文件\symbol">
      <UniqueIdentifier>{82258fce-f881-4ef5-bb5d-6e62e04b6481}</UniqueIdentifier>
    </Filter>
    <Filter Include="源文件\symbol\PdbInfo">
      <UniqueIdentifier>{5a364cee-1aab-4b86-a61a-53edac019ee7}</UniqueIdentifier>
    </Filter>
    <Filter Include="源文件\until\guid_until">
      <UniqueIdentifier>{15b475f4-8399-489e-af70-dd28e68e69a5}</UniqueIdentifier>
    </Filter>
    <Filter Include="源文件\v8_vm\addons">
      <UniqueIdentifier>{894a5855-f6ae-4205-a013-5bc567fb94b0}</UniqueIdentifier>
    </Filter>
    <Filter Include="源文件\v8_vm\addons\v8require">
      <UniqueIdentifier>{ef379042-7ead-4c76-a245-6f2c6293929b}</UniqueIdentifier>
    </Filter>
    <Filter Include="源文件\v8_vm\addons\v8driver">
      <UniqueIdentifier>{f175cb4a-b68d-4046-b6d1-5fd546ac8e27}</UniqueIdentifier>
    </Filter>
    <Filter Include="源文件\v8_vm\addons\v8inject">
      <UniqueIdentifier>{01035cd4-0886-43cf-bf84-18b827f22358}</UniqueIdentifier>
    </Filter>
    <Filter Include="源文件\v8_vm\addons\v8memory">
      <UniqueIdentifier>{06c63282-5598-44a7-aec9-79bdc8c90ca0}</UniqueIdentifier>
    </Filter>
    <Filter Include="源文件\v8_vm\addons\v8print">
      <UniqueIdentifier>{24826826-01a5-4d38-9602-2f559f3ec5f3}</UniqueIdentifier>
    </Filter>
    <Filter Include="源文件\v8_vm\addons\v8time">
      <UniqueIdentifier>{026beda3-4e72-47a0-8f29-b18935ff52cb}</UniqueIdentifier>
    </Filter>
    <Filter Include="源文件\v8_vm\addons\v8time\setTimeout">
      <UniqueIdentifier>{8b2c0254-06fd-4dcd-afe4-7cf48eb53f17}</UniqueIdentifier>
    </Filter>
    <Filter Include="源文件\v8_vm\addons\v8time\interval">
      <UniqueIdentifier>{0396157f-021f-4738-8ad1-8c2c264db8d4}</UniqueIdentifier>
    </Filter>
    <Filter Include="源文件\v8_vm\addons\v8align">
      <UniqueIdentifier>{a6a522fa-629b-4edd-9e6c-ef8dd87abf71}</UniqueIdentifier>
    </Filter>
    <Filter Include="源文件\v8_vm\addons\v8Procedure">
      <UniqueIdentifier>{cf21e8ad-0b50-4963-97c9-89e989a5a763}</UniqueIdentifier>
    </Filter>
    <Filter Include="源文件\dev_library">
      <UniqueIdentifier>{d047ff82-dc2c-4d25-af87-a66773709bd7}</UniqueIdentifier>
    </Filter>
    <Filter Include="源文件\until\memory_until">
      <UniqueIdentifier>{e5acdb6f-dd05-4c40-aec8-63a8b9899e91}</UniqueIdentifier>
    </Filter>
    <Filter Include="源文件\until\logger_until">
      <UniqueIdentifier>{2754345e-ffae-4dbc-ac27-d129f37694bd}</UniqueIdentifier>
    </Filter>
    <Filter Include="源文件\gs_main">
      <UniqueIdentifier>{ef373c67-4ca2-409d-bf28-ae0e2062146b}</UniqueIdentifier>
    </Filter>
    <Filter Include="源文件\v8_vm\v8task">
      <UniqueIdentifier>{7036ab46-243b-4473-ad28-ab471b47ace3}</UniqueIdentifier>
    </Filter>
    <Filter Include="源文件\v8_vm\v8task\task">
      <UniqueIdentifier>{14a3c9e1-99a4-4e81-85a7-f882a27a78c2}</UniqueIdentifier>
    </Filter>
    <Filter Include="源文件\v8_vm\v8task\dispatch">
      <UniqueIdentifier>{7126014a-37ce-447f-8cbe-a282fac30289}</UniqueIdentifier>
    </Filter>
    <Filter Include="源文件\services\CmdService">
      <UniqueIdentifier>{7137f754-9d00-4190-9d15-0a8df9725313}</UniqueIdentifier>
    </Filter>
    <Filter Include="源文件\v8_vm\v8task\worker">
      <UniqueIdentifier>{68aa7976-0996-45e5-8fb2-864683049bee}</UniqueIdentifier>
    </Filter>
    <Filter Include="源文件\until\system\info">
      <UniqueIdentifier>{bd9b60a6-1d64-4754-864a-91198d612009}</UniqueIdentifier>
    </Filter>
    <Filter Include="源文件\protocol">
      <UniqueIdentifier>{841cb526-304d-40fa-9a7f-17d1acf95b5b}</UniqueIdentifier>
    </Filter>
  </ItemGroup>
  <ItemGroup>
    <ClCompile Include="main.cpp">
      <Filter>源文件</Filter>
    </ClCompile>
    <ClCompile Include="v8vm.cpp">
      <Filter>源文件\v8_vm</Filter>
    </ClCompile>
    <ClCompile Include="v8env.cpp">
      <Filter>源文件\v8_vm</Filter>
    </ClCompile>
    <ClCompile Include="v8inject.cpp">
      <Filter>源文件\v8_vm\addons\v8inject</Filter>
    </ClCompile>
    <ClCompile Include="v8context.cpp">
      <Filter>源文件\v8_vm\v8context</Filter>
    </ClCompile>
    <ClCompile Include="v8print.cpp">
      <Filter>源文件\v8_vm\addons\v8print</Filter>
    </ClCompile>
    <ClCompile Include="queue_ring.cpp">
      <Filter>源文件\until\queue_ring</Filter>
    </ClCompile>
    <ClCompile Include="queue_ring_exception.cpp">
      <Filter>源文件\until\queue_ring</Filter>
    </ClCompile>
    <ClCompile Include="v8time.cpp">
      <Filter>源文件\v8_vm\addons\v8time\setTimeout</Filter>
    </ClCompile>
    <ClCompile Include="TimeoutTask.cpp">
      <Filter>源文件\v8_vm\addons\v8time\setTimeout</Filter>
    </ClCompile>
    <ClCompile Include="v8interval.cpp">
      <Filter>源文件\v8_vm\addons\v8time\interval</Filter>
    </ClCompile>
    <ClCompile Include="IntervalTask.cpp">
      <Filter>源文件\v8_vm\addons\v8time\interval</Filter>
    </ClCompile>
    <ClCompile Include="driver_loader.cpp">
      <Filter>源文件\gs_driver\loader</Filter>
    </ClCompile>
    <ClCompile Include="file_until.cpp">
      <Filter>源文件\until\file_until</Filter>
    </ClCompile>
    <ClCompile Include="text_encode.cpp">
      <Filter>源文件\until\text_encode</Filter>
    </ClCompile>
    <ClCompile Include="process_adjust.cpp">
      <Filter>源文件\until\process_adjust</Filter>
    </ClCompile>
    <ClCompile Include="actor_client.cpp">
      <Filter>源文件\gs_driver\actor_client</Filter>
    </ClCompile>
    <ClCompile Include="test.cpp">
      <Filter>源文件\test</Filter>
    </ClCompile>
    <ClCompile Include="print_until.cpp">
      <Filter>源文件\until\print_until</Filter>
    </ClCompile>
    <ClCompile Include="driver.cpp">
      <Filter>源文件\until\system\driver</Filter>
    </ClCompile>
    <ClCompile Include="v8memory.cpp">
      <Filter>源文件\v8_vm\addons\v8memory</Filter>
    </ClCompile>
    <ClCompile Include="ActorService.cpp">
      <Filter>源文件\services\ActorService</Filter>
    </ClCompile>
    <ClCompile Include="DriverLoaderService.cpp">
      <Filter>源文件\services\DriverLoaderService</Filter>
    </ClCompile>
    <ClCompile Include="debug_until.cpp">
      <Filter>源文件\until\debug_until</Filter>
    </ClCompile>
    <ClCompile Include="PdbInfo.cpp">
      <Filter>源文件\symbol\PdbInfo</Filter>
    </ClCompile>
    <ClCompile Include="guid_until.cpp">
      <Filter>源文件\until\guid_until</Filter>
    </ClCompile>
    <ClCompile Include="v8driver.cpp">
      <Filter>源文件\v8_vm\addons\v8driver</Filter>
    </ClCompile>
    <ClCompile Include="v8require.cpp">
      <Filter>源文件\v8_vm\addons\v8require</Filter>
    </ClCompile>
    <ClCompile Include="v8procedure.cpp">
      <Filter>源文件\v8_vm\addons\v8Procedure</Filter>
    </ClCompile>
    <ClCompile Include="v8align.cpp">
      <Filter>源文件\v8_vm\addons\v8align</Filter>
    </ClCompile>
    <ClCompile Include="library_manager.cpp">
      <Filter>源文件\dev_library</Filter>
    </ClCompile>
    <ClCompile Include="logger_until.cpp">
      <Filter>源文件\until\logger_until</Filter>
    </ClCompile>
    <ClCompile Include="gs_main.cpp">
      <Filter>源文件\gs_main</Filter>
    </ClCompile>
    <ClCompile Include="v8job.cpp">
      <Filter>源文件\v8_vm\v8task\task</Filter>
    </ClCompile>
    <ClCompile Include="v8task_dispatch.cpp">
      <Filter>源文件\v8_vm\v8task\dispatch</Filter>
    </ClCompile>
    <ClCompile Include="v8cron_job.cpp">
      <Filter>源文件\v8_vm\v8task\task</Filter>
    </ClCompile>
    <ClCompile Include="CmdService.cpp">
      <Filter>源文件\services\CmdService</Filter>
    </ClCompile>
    <ClCompile Include="v8Worker.cpp">
      <Filter>源文件\v8_vm\v8task\worker</Filter>
    </ClCompile>
    <ClCompile Include="info.cpp">
      <Filter>源文件\until\system\info</Filter>
    </ClCompile>
  </ItemGroup>
  <ItemGroup>
    <ClInclude Include="v8vm.h">
      <Filter>源文件\v8_vm</Filter>
    </ClInclude>
    <ClInclude Include="v8env.h">
      <Filter>源文件\v8_vm</Filter>
    </ClInclude>
    <ClInclude Include="v8inject.h">
      <Filter>源文件\v8_vm\addons\v8inject</Filter>
    </ClInclude>
    <ClInclude Include="v8context.h">
      <Filter>源文件\v8_vm\v8context</Filter>
    </ClInclude>
    <ClInclude Include="v8print.h">
      <Filter>源文件\v8_vm\addons\v8print</Filter>
    </ClInclude>
    <ClInclude Include="queue_ring.h">
      <Filter>源文件\until\queue_ring</Filter>
    </ClInclude>
    <ClInclude Include="queue_ring_exception.h">
      <Filter>源文件\until\queue_ring</Filter>
    </ClInclude>
    <ClInclude Include="v8time.h">
      <Filter>源文件\v8_vm\addons\v8time\setTimeout</Filter>
    </ClInclude>
    <ClInclude Include="TimeoutTask.h">
      <Filter>源文件\v8_vm\addons\v8time\setTimeout</Filter>
    </ClInclude>
    <ClInclude Include="v8interval.h">
      <Filter>源文件\v8_vm\addons\v8time\interval</Filter>
    </ClInclude>
    <ClInclude Include="IntervalTask.h">
      <Filter>源文件\v8_vm\addons\v8time\interval</Filter>
    </ClInclude>
    <ClInclude Include="driver_loader.h">
      <Filter>源文件\gs_driver\loader</Filter>
    </ClInclude>
    <ClInclude Include="file_until.h">
      <Filter>源文件\until\file_until</Filter>
    </ClInclude>
    <ClInclude Include="text_encode.h">
      <Filter>源文件\until\text_encode</Filter>
    </ClInclude>
    <ClInclude Include="process_adjust.h">
      <Filter>源文件\until\process_adjust</Filter>
    </ClInclude>
    <ClInclude Include="..\ark_actor\ark_common.h">
      <Filter>头文件</Filter>
    </ClInclude>
    <ClInclude Include="actor_client.h">
      <Filter>源文件\gs_driver\actor_client</Filter>
    </ClInclude>
    <ClInclude Include="..\ark_actor\actor_common.h">
      <Filter>源文件\gs_driver\actor_client</Filter>
    </ClInclude>
    <ClInclude Include="test.h">
      <Filter>源文件\test</Filter>
    </ClInclude>
    <ClInclude Include="..\ark_actor\internal.h">
      <Filter>源文件\gs_driver\internal</Filter>
    </ClInclude>
    <ClInclude Include="print_until.h">
      <Filter>源文件\until\print_until</Filter>
    </ClInclude>
    <ClInclude Include="driver.h">
      <Filter>源文件\until\system\driver</Filter>
    </ClInclude>
    <ClInclude Include="v8memory.h">
      <Filter>源文件\v8_vm\addons\v8memory</Filter>
    </ClInclude>
    <ClInclude Include="ActorService.h">
      <Filter>源文件\services\ActorService</Filter>
    </ClInclude>
    <ClInclude Include="DriverLoaderService.h">
      <Filter>源文件\services\DriverLoaderService</Filter>
    </ClInclude>
    <ClInclude Include="debug_until.h">
      <Filter>源文件\until\debug_until</Filter>
    </ClInclude>
    <ClInclude Include="PdbInfo.h">
      <Filter>源文件\symbol\PdbInfo</Filter>
    </ClInclude>
    <ClInclude Include="guid_until.h">
      <Filter>源文件\until\guid_until</Filter>
    </ClInclude>
    <ClInclude Include="v8driver.h">
      <Filter>源文件\v8_vm\addons\v8driver</Filter>
    </ClInclude>
    <ClInclude Include="v8require.h">
      <Filter>源文件\v8_vm\addons\v8require</Filter>
    </ClInclude>
    <ClInclude Include="v8contextDefine.h">
      <Filter>源文件\v8_vm\v8context</Filter>
    </ClInclude>
    <ClInclude Include="v8procedure.h">
      <Filter>源文件\v8_vm\addons\v8Procedure</Filter>
    </ClInclude>
    <ClInclude Include="v8align.h">
      <Filter>源文件\v8_vm\addons\v8align</Filter>
    </ClInclude>
    <ClInclude Include="library_manager.h">
      <Filter>源文件\dev_library</Filter>
    </ClInclude>
    <ClInclude Include="memory_until.h">
      <Filter>源文件\until\memory_until</Filter>
    </ClInclude>
    <ClInclude Include="logger_until.h">
      <Filter>源文件\until\logger_until</Filter>
    </ClInclude>
    <ClInclude Include="gs_main.h">
      <Filter>源文件\gs_main</Filter>
    </ClInclude>
    <ClInclude Include="v8job.h">
      <Filter>源文件\v8_vm\v8task\task</Filter>
    </ClInclude>
    <ClInclude Include="v8task_dispatch.h">
      <Filter>源文件\v8_vm\v8task\dispatch</Filter>
    </ClInclude>
    <ClInclude Include="v8cron_job.h">
      <Filter>源文件\v8_vm\v8task\task</Filter>
    </ClInclude>
    <ClInclude Include="CmdService.h">
      <Filter>源文件\services\CmdService</Filter>
    </ClInclude>
    <ClInclude Include="v8Worker.h">
      <Filter>源文件\v8_vm\v8task\worker</Filter>
    </ClInclude>
    <ClInclude Include="info.h">
      <Filter>源文件\until\system\info</Filter>
    </ClInclude>
  </ItemGroup>
  <ItemGroup>
    <Text Include="build.txt">
      <Filter>源文件</Filter>
    </Text>
  </ItemGroup>
  <ItemGroup>
    <None Include="protocol.md">
      <Filter>源文件\protocol</Filter>
    </None>
  </ItemGroup>
</Project>